
Microsoft Visual Studio Solution File, Format Version 12.00
# Visual Studio Version 16
VisualStudioVersion = 16.0.29230.47
MinimumVisualStudioVersion = 10.0.40219.1
Project("{888888A0-9F3D-457C-B088-3A5042F75D52}") = "Menu", "Menu\Menu.pyproj", "{197CB81C-1562-4E4E-B07C-44BDECAF6142}"
EndProject
Global
	GlobalSection(SolutionConfigurationPlatforms) = preSolution
		Debug|Any CPU = Debug|Any CPU
		Release|Any CPU = Release|Any CPU
	EndGlobalSection
	GlobalSection(ProjectConfigurationPlatforms) = postSolution
		{197CB81C-1562-4E4E-B07C-44BDECAF6142}.Debug|Any CPU.ActiveCfg = Debug|Any CPU
		{197CB81C-1562-4E4E-B07C-44BDECAF6142}.Release|Any CPU.ActiveCfg = Release|Any CPU
	EndGlobalSection
	GlobalSection(SolutionProperties) = preSolution
		HideSolutionNode = FALSE
	EndGlobalSection
	GlobalSection(ExtensibilityGlobals) = postSolution
		SolutionGuid = {66BBD013-957A-46A8-828B-A916F3FD6648}
	EndGlobalSection
EndGlobal
